
Microsoft Visual Studio Solution File, Format Version 12.00
# Visual Studio 2013
VisualStudioVersion = 12.0.30501.0
MinimumVisualStudioVersion = 10.0.40219.1
Project("{FAE04EC0-301F-11D3-BF4B-00C04F79EFBC}") = "CTCI", "CTCI\CTCI.csproj", "{14E92105-D294-461C-A9D3-F966A72B2FAB}"
EndProject
Project("{FAE04EC0-301F-11D3-BF4B-00C04F79EFBC}") = "CTCI-Tests", "CTCI-Tests\CTCI-Tests.csproj", "{A7BFA44A-0A31-47E7-9DCA-608C306F1FAC}"
EndProject
Project("{FAE04EC0-301F-11D3-BF4B-00C04F79EFBC}") = "StandardQuestions", "StandardQuestions\StandardQuestions.csproj", "{DBA97113-36A4-4B98-92E2-B392A6904A41}"
EndProject
Project("{FAE04EC0-301F-11D3-BF4B-00C04F79EFBC}") = "StandardQuestionsUTs", "StandardQuestionsUTs\StandardQuestionsUTs.csproj", "{202291A9-6833-4A0F-B902-455F6D6D5F7A}"
	ProjectSection(ProjectDependencies) = postProject
		{DBA97113-36A4-4B98-92E2-B392A6904A41} = {DBA97113-36A4-4B98-92E2-B392A6904A41}
	EndProjectSection
EndProject
Project("{FAE04EC0-301F-11D3-BF4B-00C04F79EFBC}") = "TestApplication", "TestApplication\TestApplication.csproj", "{CFCD61A7-EB6F-433C-A9FC-69B236FA2CA1}"
EndProject
Project("{FAE04EC0-301F-11D3-BF4B-00C04F79EFBC}") = "MainDriver", "MainDriver\MainDriver.csproj", "{C707B206-F15A-4C85-BBDB-76E5059D0A3F}"
EndProject
Project("{FAE04EC0-301F-11D3-BF4B-00C04F79EFBC}") = "ExtraQuestions", "ExtraQuestions\ExtraQuestions.csproj", "{C88C6576-12A6-4D24-85F9-512187A23ECD}"
EndProject
Project("{FAE04EC0-301F-11D3-BF4B-00C04F79EFBC}") = "DataStructures", "DataStructures\DataStructures.csproj", "{1DD98475-3C9B-4F80-A414-64958CB02ED9}"
EndProject
Global
	GlobalSection(SolutionConfigurationPlatforms) = preSolution
		Debug|Any CPU = Debug|Any CPU
		Release|Any CPU = Release|Any CPU
	EndGlobalSection
	GlobalSection(ProjectConfigurationPlatforms) = postSolution
		{14E92105-D294-461C-A9D3-F966A72B2FAB}.Debug|Any CPU.ActiveCfg = Debug|Any CPU
		{14E92105-D294-461C-A9D3-F966A72B2FAB}.Debug|Any CPU.Build.0 = Debug|Any CPU
		{14E92105-D294-461C-A9D3-F966A72B2FAB}.Release|Any CPU.ActiveCfg = Release|Any CPU
		{14E92105-D294-461C-A9D3-F966A72B2FAB}.Release|Any CPU.Build.0 = Release|Any CPU
		{A7BFA44A-0A31-47E7-9DCA-608C306F1FAC}.Debug|Any CPU.ActiveCfg = Debug|Any CPU
		{A7BFA44A-0A31-47E7-9DCA-608C306F1FAC}.Debug|Any CPU.Build.0 = Debug|Any CPU
		{A7BFA44A-0A31-47E7-9DCA-608C306F1FAC}.Release|Any CPU.ActiveCfg = Release|Any CPU
		{A7BFA44A-0A31-47E7-9DCA-608C306F1FAC}.Release|Any CPU.Build.0 = Release|Any CPU
		{DBA97113-36A4-4B98-92E2-B392A6904A41}.Debug|Any CPU.ActiveCfg = Debug|Any CPU
		{DBA97113-36A4-4B98-92E2-B392A6904A41}.Debug|Any CPU.Build.0 = Debug|Any CPU
		{DBA97113-36A4-4B98-92E2-B392A6904A41}.Release|Any CPU.ActiveCfg = Release|Any CPU
		{DBA97113-36A4-4B98-92E2-B392A6904A41}.Release|Any CPU.Build.0 = Release|Any CPU
		{202291A9-6833-4A0F-B902-455F6D6D5F7A}.Debug|Any CPU.ActiveCfg = Debug|Any CPU
		{202291A9-6833-4A0F-B902-455F6D6D5F7A}.Debug|Any CPU.Build.0 = Debug|Any CPU
		{202291A9-6833-4A0F-B902-455F6D6D5F7A}.Release|Any CPU.ActiveCfg = Release|Any CPU
		{202291A9-6833-4A0F-B902-455F6D6D5F7A}.Release|Any CPU.Build.0 = Release|Any CPU
		{CFCD61A7-EB6F-433C-A9FC-69B236FA2CA1}.Debug|Any CPU.ActiveCfg = Debug|Any CPU
		{CFCD61A7-EB6F-433C-A9FC-69B236FA2CA1}.Debug|Any CPU.Build.0 = Debug|Any CPU
		{CFCD61A7-EB6F-433C-A9FC-69B236FA2CA1}.Release|Any CPU.ActiveCfg = Release|Any CPU
		{CFCD61A7-EB6F-433C-A9FC-69B236FA2CA1}.Release|Any CPU.Build.0 = Release|Any CPU
		{C707B206-F15A-4C85-BBDB-76E5059D0A3F}.Debug|Any CPU.ActiveCfg = Debug|Any CPU
		{C707B206-F15A-4C85-BBDB-76E5059D0A3F}.Debug|Any CPU.Build.0 = Debug|Any CPU
		{C707B206-F15A-4C85-BBDB-76E5059D0A3F}.Release|Any CPU.ActiveCfg = Release|Any CPU
		{C707B206-F15A-4C85-BBDB-76E5059D0A3F}.Release|Any CPU.Build.0 = Release|Any CPU
		{C88C6576-12A6-4D24-85F9-512187A23ECD}.Debug|Any CPU.ActiveCfg = Debug|Any CPU
		{C88C6576-12A6-4D24-85F9-512187A23ECD}.Debug|Any CPU.Build.0 = Debug|Any CPU
		{C88C6576-12A6-4D24-85F9-512187A23ECD}.Release|Any CPU.ActiveCfg = Release|Any CPU
		{C88C6576-12A6-4D24-85F9-512187A23ECD}.Release|Any CPU.Build.0 = Release|Any CPU
		{1DD98475-3C9B-4F80-A414-64958CB02ED9}.Debug|Any CPU.ActiveCfg = Debug|Any CPU
		{1DD98475-3C9B-4F80-A414-64958CB02ED9}.Debug|Any CPU.Build.0 = Debug|Any CPU
		{1DD98475-3C9B-4F80-A414-64958CB02ED9}.Release|Any CPU.ActiveCfg = Release|Any CPU
		{1DD98475-3C9B-4F80-A414-64958CB02ED9}.Release|Any CPU.Build.0 = Release|Any CPU
	EndGlobalSection
	GlobalSection(SolutionProperties) = preSolution
		HideSolutionNode = FALSE
	EndGlobalSection
EndGlobal
