
Microsoft Visual Studio Solution File, Format Version 12.00
# Visual Studio 2013
VisualStudioVersion = 12.0.30501.0
MinimumVisualStudioVersion = 10.0.40219.1
Project("{FAE04EC0-301F-11D3-BF4B-00C04F79EFBC}") = "CTCI", "CTCI\CTCI.csproj", "{14E92105-D294-461C-A9D3-F966A72B2FAB}"
EndProject
Project("{FAE04EC0-301F-11D3-BF4B-00C04F79EFBC}") = "CTCI-Tests", "CTCI-Tests\CTCI-Tests.csproj", "{A7BFA44A-0A31-47E7-9DCA-608C306F1FAC}"
EndProject
Global
	GlobalSection(SolutionConfigurationPlatforms) = preSolution
		Debug|Any CPU = Debug|Any CPU
		Release|Any CPU = Release|Any CPU
	EndGlobalSection
	GlobalSection(ProjectConfigurationPlatforms) = postSolution
		{14E92105-D294-461C-A9D3-F966A72B2FAB}.Debug|Any CPU.ActiveCfg = Debug|Any CPU
		{14E92105-D294-461C-A9D3-F966A72B2FAB}.Debug|Any CPU.Build.0 = Debug|Any CPU
		{14E92105-D294-461C-A9D3-F966A72B2FAB}.Release|Any CPU.ActiveCfg = Release|Any CPU
		{14E92105-D294-461C-A9D3-F966A72B2FAB}.Release|Any CPU.Build.0 = Release|Any CPU
		{A7BFA44A-0A31-47E7-9DCA-608C306F1FAC}.Debug|Any CPU.ActiveCfg = Debug|Any CPU
		{A7BFA44A-0A31-47E7-9DCA-608C306F1FAC}.Debug|Any CPU.Build.0 = Debug|Any CPU
		{A7BFA44A-0A31-47E7-9DCA-608C306F1FAC}.Release|Any CPU.ActiveCfg = Release|Any CPU
		{A7BFA44A-0A31-47E7-9DCA-608C306F1FAC}.Release|Any CPU.Build.0 = Release|Any CPU
	EndGlobalSection
	GlobalSection(SolutionProperties) = preSolution
		HideSolutionNode = FALSE
	EndGlobalSection
EndGlobal
